
Microsoft Visual Studio Solution File, Format Version 12.00
# Visual Studio Express 2013 for Web
VisualStudioVersion = 12.0.31101.0
MinimumVisualStudioVersion = 10.0.40219.1
Project("{FAE04EC0-301F-11D3-BF4B-00C04F79EFBC}") = "ENETTests", "ENETTests\ENETTests.csproj", "{D14189EC-6C1A-40E0-BA43-FD6AC1FC4EB8}"
EndProject
Project("{FAE04EC0-301F-11D3-BF4B-00C04F79EFBC}") = "ENETClasses", "ENETClasses\ENETClasses.csproj", "{1AEB96D4-4E82-4F81-81A7-D2B74A0837CB}"
EndProject
Project("{FAE04EC0-301F-11D3-BF4B-00C04F79EFBC}") = "ENETSite", "ENETSite\ENETSite.csproj", "{23524404-FF7E-440A-BB23-152394518F9E}"
EndProject
Global
	GlobalSection(SolutionConfigurationPlatforms) = preSolution
		Debug|Any CPU = Debug|Any CPU
		Release|Any CPU = Release|Any CPU
	EndGlobalSection
	GlobalSection(ProjectConfigurationPlatforms) = postSolution
		{D14189EC-6C1A-40E0-BA43-FD6AC1FC4EB8}.Debug|Any CPU.ActiveCfg = Debug|Any CPU
		{D14189EC-6C1A-40E0-BA43-FD6AC1FC4EB8}.Debug|Any CPU.Build.0 = Debug|Any CPU
		{D14189EC-6C1A-40E0-BA43-FD6AC1FC4EB8}.Release|Any CPU.ActiveCfg = Release|Any CPU
		{D14189EC-6C1A-40E0-BA43-FD6AC1FC4EB8}.Release|Any CPU.Build.0 = Release|Any CPU
		{1AEB96D4-4E82-4F81-81A7-D2B74A0837CB}.Debug|Any CPU.ActiveCfg = Debug|Any CPU
		{1AEB96D4-4E82-4F81-81A7-D2B74A0837CB}.Debug|Any CPU.Build.0 = Debug|Any CPU
		{1AEB96D4-4E82-4F81-81A7-D2B74A0837CB}.Release|Any CPU.ActiveCfg = Release|Any CPU
		{1AEB96D4-4E82-4F81-81A7-D2B74A0837CB}.Release|Any CPU.Build.0 = Release|Any CPU
		{23524404-FF7E-440A-BB23-152394518F9E}.Debug|Any CPU.ActiveCfg = Debug|Any CPU
		{23524404-FF7E-440A-BB23-152394518F9E}.Debug|Any CPU.Build.0 = Debug|Any CPU
		{23524404-FF7E-440A-BB23-152394518F9E}.Release|Any CPU.ActiveCfg = Release|Any CPU
		{23524404-FF7E-440A-BB23-152394518F9E}.Release|Any CPU.Build.0 = Release|Any CPU
	EndGlobalSection
	GlobalSection(SolutionProperties) = preSolution
		HideSolutionNode = FALSE
	EndGlobalSection
EndGlobal
